// !$*UTF8*$!
{
	archiveVersion = 1;
	classes = {
	};
	objectVersion = 46;
	objects = {

/* Begin PBXBuildFile section */
		743CD8391CDCC775003F54EF /* NavButton.m in Sources */ = {isa = PBXBuildFile; fileRef = 743CD8381CDCC775003F54EF /* NavButton.m */; };
		743CD83C1CDCCD4E003F54EF /* NavRightButton.m in Sources */ = {isa = PBXBuildFile; fileRef = 743CD83B1CDCCD4E003F54EF /* NavRightButton.m */; };
		7441D7861CE205D9006EA667 /* CJTableViewController.m in Sources */ = {isa = PBXBuildFile; fileRef = 7441D7841CE205D9006EA667 /* CJTableViewController.m */; };
		7441D78B1CE20A9B006EA667 /* CJTableViewController.storyboard in Resources */ = {isa = PBXBuildFile; fileRef = 7441D78A1CE20A9B006EA667 /* CJTableViewController.storyboard */; };
		748A45331CDF482B00B828E9 /* CJSettingViewController.m in Sources */ = {isa = PBXBuildFile; fileRef = 748A45321CDF482B00B828E9 /* CJSettingViewController.m */; };
		74B58FA31CD9FB77002DD398 /* main.m in Sources */ = {isa = PBXBuildFile; fileRef = 74B58FA21CD9FB77002DD398 /* main.m */; };
		74B58FA61CD9FB77002DD398 /* AppDelegate.m in Sources */ = {isa = PBXBuildFile; fileRef = 74B58FA51CD9FB77002DD398 /* AppDelegate.m */; };
		74B58FAC1CD9FB77002DD398 /* Main.storyboard in Resources */ = {isa = PBXBuildFile; fileRef = 74B58FAA1CD9FB77002DD398 /* Main.storyboard */; };
		74B58FAE1CD9FB77002DD398 /* Assets.xcassets in Resources */ = {isa = PBXBuildFile; fileRef = 74B58FAD1CD9FB77002DD398 /* Assets.xcassets */; };
		74B58FB11CD9FB77002DD398 /* LaunchScreen.storyboard in Resources */ = {isa = PBXBuildFile; fileRef = 74B58FAF1CD9FB77002DD398 /* LaunchScreen.storyboard */; };
		74CDBE541CE2C4930023DB7B /* UICollectionViewWaterfallLayout.m in Sources */ = {isa = PBXBuildFile; fileRef = 74CDBE531CE2C4930023DB7B /* UICollectionViewWaterfallLayout.m */; };
		74F2CD9A1CDD7FC600656D34 /* UIView+Frame.m in Sources */ = {isa = PBXBuildFile; fileRef = 74F2CD991CDD7FC600656D34 /* UIView+Frame.m */; };
		74F2CDB11CDD873100656D34 /* CJCityViewController.m in Sources */ = {isa = PBXBuildFile; fileRef = 74F2CDB01CDD873100656D34 /* CJCityViewController.m */; };
		74F2CDB41CDD874300656D34 /* CJFindViewController.m in Sources */ = {isa = PBXBuildFile; fileRef = 74F2CDB31CDD874300656D34 /* CJFindViewController.m */; };
		74F2CDB71CDD875200656D34 /* CJFollowViewController.m in Sources */ = {isa = PBXBuildFile; fileRef = 74F2CDB61CDD875200656D34 /* CJFollowViewController.m */; };
		74F2CE191CDDDD7200656D34 /* CJViewController.m in Sources */ = {isa = PBXBuildFile; fileRef = 74F2CE181CDDDD7200656D34 /* CJViewController.m */; };
		74F54D2C1CE0B2C2000B54BF /* Snip20160509_4.png in Resources */ = {isa = PBXBuildFile; fileRef = 74F54D2B1CE0B2C2000B54BF /* Snip20160509_4.png */; };
		74F54D2F1CE0B4DE000B54BF /* CJTopBtn.m in Sources */ = {isa = PBXBuildFile; fileRef = 74F54D2E1CE0B4DE000B54BF /* CJTopBtn.m */; };
		74F54D321CE0BECC000B54BF /* CJOneBtn.m in Sources */ = {isa = PBXBuildFile; fileRef = 74F54D311CE0BECC000B54BF /* CJOneBtn.m */; };
		74F54D351CE0BED9000B54BF /* CJTwoBtn.m in Sources */ = {isa = PBXBuildFile; fileRef = 74F54D341CE0BED9000B54BF /* CJTwoBtn.m */; };
		74F54D381CE0BEEE000B54BF /* CJThreeBtn.m in Sources */ = {isa = PBXBuildFile; fileRef = 74F54D371CE0BEEE000B54BF /* CJThreeBtn.m */; };
		74F54D3B1CE0C417000B54BF /* CJshouYeBtn.m in Sources */ = {isa = PBXBuildFile; fileRef = 74F54D3A1CE0C417000B54BF /* CJshouYeBtn.m */; };
		74F54D3E1CE0C53C000B54BF /* JCfindBtn.m in Sources */ = {isa = PBXBuildFile; fileRef = 74F54D3D1CE0C53C000B54BF /* JCfindBtn.m */; };
		74F54D411CE0C5DC000B54BF /* CJsetBtn.m in Sources */ = {isa = PBXBuildFile; fileRef = 74F54D401CE0C5DC000B54BF /* CJsetBtn.m */; };
		74F54D441CE0C640000B54BF /* CJlocinBtn.m in Sources */ = {isa = PBXBuildFile; fileRef = 74F54D431CE0C640000B54BF /* CJlocinBtn.m */; };
		8B0AB3ADDAF71C1EE6B7BC90 /* Pods_FastWorker.framework in Frameworks */ = {isa = PBXBuildFile; fileRef = F909CCEF0E3C19C330D7AA94 /* Pods_FastWorker.framework */; };
/* End PBXBuildFile section */

/* Begin PBXFileReference section */
		2096978B52746CC70F94D1D8 /* Pods-FastWorker.release.xcconfig */ = {isa = PBXFileReference; includeInIndex = 1; lastKnownFileType = text.xcconfig; name = "Pods-FastWorker.release.xcconfig"; path = "Pods/Target Support Files/Pods-FastWorker/Pods-FastWorker.release.xcconfig"; sourceTree = "<group>"; };
		72F1C2E501489FFC3AE73DA5 /* Pods-FastWorker.debug.xcconfig */ = {isa = PBXFileReference; includeInIndex = 1; lastKnownFileType = text.xcconfig; name = "Pods-FastWorker.debug.xcconfig"; path = "Pods/Target Support Files/Pods-FastWorker/Pods-FastWorker.debug.xcconfig"; sourceTree = "<group>"; };
		743CD8371CDCC775003F54EF /* NavButton.h */ = {isa = PBXFileReference; fileEncoding = 4; lastKnownFileType = sourcecode.c.h; name = NavButton.h; path = ../../../NavButton.h; sourceTree = "<group>"; };
		743CD8381CDCC775003F54EF /* NavButton.m */ = {isa = PBXFileReference; fileEncoding = 4; lastKnownFileType = sourcecode.c.objc; name = NavButton.m; path = ../../../NavButton.m; sourceTree = "<group>"; };
		743CD83A1CDCCD4E003F54EF /* NavRightButton.h */ = {isa = PBXFileReference; fileEncoding = 4; lastKnownFileType = sourcecode.c.h; name = NavRightButton.h; path = ../../../NavRightButton.h; sourceTree = "<group>"; };
		743CD83B1CDCCD4E003F54EF /* NavRightButton.m */ = {isa = PBXFileReference; fileEncoding = 4; lastKnownFileType = sourcecode.c.objc; name = NavRightButton.m; path = ../../../NavRightButton.m; sourceTree = "<group>"; };
		7441D7831CE205D9006EA667 /* CJTableViewController.h */ = {isa = PBXFileReference; fileEncoding = 4; lastKnownFileType = sourcecode.c.h; path = CJTableViewController.h; sourceTree = "<group>"; };
		7441D7841CE205D9006EA667 /* CJTableViewController.m */ = {isa = PBXFileReference; fileEncoding = 4; lastKnownFileType = sourcecode.c.objc; path = CJTableViewController.m; sourceTree = "<group>"; };
		7441D78A1CE20A9B006EA667 /* CJTableViewController.storyboard */ = {isa = PBXFileReference; fileEncoding = 4; lastKnownFileType = file.storyboard; path = CJTableViewController.storyboard; sourceTree = "<group>"; };
		748A45311CDF482B00B828E9 /* CJSettingViewController.h */ = {isa = PBXFileReference; fileEncoding = 4; lastKnownFileType = sourcecode.c.h; path = CJSettingViewController.h; sourceTree = "<group>"; };
		748A45321CDF482B00B828E9 /* CJSettingViewController.m */ = {isa = PBXFileReference; fileEncoding = 4; lastKnownFileType = sourcecode.c.objc; path = CJSettingViewController.m; sourceTree = "<group>"; };
		74B58F9E1CD9FB77002DD398 /* FastWorker.app */ = {isa = PBXFileReference; explicitFileType = wrapper.application; includeInIndex = 0; path = FastWorker.app; sourceTree = BUILT_PRODUCTS_DIR; };
		74B58FA21CD9FB77002DD398 /* main.m */ = {isa = PBXFileReference; lastKnownFileType = sourcecode.c.objc; path = main.m; sourceTree = "<group>"; };
		74B58FA41CD9FB77002DD398 /* AppDelegate.h */ = {isa = PBXFileReference; lastKnownFileType = sourcecode.c.h; name = AppDelegate.h; path = ../../../AppDelegate.h; sourceTree = "<group>"; };
		74B58FA51CD9FB77002DD398 /* AppDelegate.m */ = {isa = PBXFileReference; lastKnownFileType = sourcecode.c.objc; name = AppDelegate.m; path = ../../../AppDelegate.m; sourceTree = "<group>"; };
		74B58FAB1CD9FB77002DD398 /* Base */ = {isa = PBXFileReference; lastKnownFileType = file.storyboard; name = Base; path = Base.lproj/Main.storyboard; sourceTree = "<group>"; };
		74B58FAD1CD9FB77002DD398 /* Assets.xcassets */ = {isa = PBXFileReference; lastKnownFileType = folder.assetcatalog; name = Assets.xcassets; path = ../../../Assets.xcassets; sourceTree = "<group>"; };
		74B58FB01CD9FB77002DD398 /* Base */ = {isa = PBXFileReference; lastKnownFileType = file.storyboard; name = Base; path = Base.lproj/LaunchScreen.storyboard; sourceTree = "<group>"; };
		74B58FB21CD9FB77002DD398 /* Info.plist */ = {isa = PBXFileReference; lastKnownFileType = text.plist.xml; path = Info.plist; sourceTree = "<group>"; };
		74CDBE521CE2C4930023DB7B /* UICollectionViewWaterfallLayout.h */ = {isa = PBXFileReference; fileEncoding = 4; lastKnownFileType = sourcecode.c.h; path = UICollectionViewWaterfallLayout.h; sourceTree = "<group>"; };
		74CDBE531CE2C4930023DB7B /* UICollectionViewWaterfallLayout.m */ = {isa = PBXFileReference; fileEncoding = 4; lastKnownFileType = sourcecode.c.objc; path = UICollectionViewWaterfallLayout.m; sourceTree = "<group>"; };
		74F2CD981CDD7FC600656D34 /* UIView+Frame.h */ = {isa = PBXFileReference; fileEncoding = 4; lastKnownFileType = sourcecode.c.h; name = "UIView+Frame.h"; path = "../../../UIView+Frame.h"; sourceTree = "<group>"; };
		74F2CD991CDD7FC600656D34 /* UIView+Frame.m */ = {isa = PBXFileReference; fileEncoding = 4; lastKnownFileType = sourcecode.c.objc; name = "UIView+Frame.m"; path = "../../../UIView+Frame.m"; sourceTree = "<group>"; };
		74F2CDAF1CDD873100656D34 /* CJCityViewController.h */ = {isa = PBXFileReference; fileEncoding = 4; lastKnownFileType = sourcecode.c.h; path = CJCityViewController.h; sourceTree = "<group>"; };
		74F2CDB01CDD873100656D34 /* CJCityViewController.m */ = {isa = PBXFileReference; fileEncoding = 4; lastKnownFileType = sourcecode.c.objc; path = CJCityViewController.m; sourceTree = "<group>"; };
		74F2CDB21CDD874300656D34 /* CJFindViewController.h */ = {isa = PBXFileReference; fileEncoding = 4; lastKnownFileType = sourcecode.c.h; path = CJFindViewController.h; sourceTree = "<group>"; };
		74F2CDB31CDD874300656D34 /* CJFindViewController.m */ = {isa = PBXFileReference; fileEncoding = 4; lastKnownFileType = sourcecode.c.objc; path = CJFindViewController.m; sourceTree = "<group>"; };
		74F2CDB51CDD875200656D34 /* CJFollowViewController.h */ = {isa = PBXFileReference; fileEncoding = 4; lastKnownFileType = sourcecode.c.h; path = CJFollowViewController.h; sourceTree = "<group>"; };
		74F2CDB61CDD875200656D34 /* CJFollowViewController.m */ = {isa = PBXFileReference; fileEncoding = 4; lastKnownFileType = sourcecode.c.objc; path = CJFollowViewController.m; sourceTree = "<group>"; };
		74F2CE171CDDDD7200656D34 /* CJViewController.h */ = {isa = PBXFileReference; fileEncoding = 4; lastKnownFileType = sourcecode.c.h; path = CJViewController.h; sourceTree = "<group>"; };
		74F2CE181CDDDD7200656D34 /* CJViewController.m */ = {isa = PBXFileReference; fileEncoding = 4; lastKnownFileType = sourcecode.c.objc; path = CJViewController.m; sourceTree = "<group>"; };
		74F54D2B1CE0B2C2000B54BF /* Snip20160509_4.png */ = {isa = PBXFileReference; lastKnownFileType = image.png; path = Snip20160509_4.png; sourceTree = "<group>"; };
		74F54D2D1CE0B4DE000B54BF /* CJTopBtn.h */ = {isa = PBXFileReference; fileEncoding = 4; lastKnownFileType = sourcecode.c.h; path = CJTopBtn.h; sourceTree = "<group>"; };
		74F54D2E1CE0B4DE000B54BF /* CJTopBtn.m */ = {isa = PBXFileReference; fileEncoding = 4; lastKnownFileType = sourcecode.c.objc; path = CJTopBtn.m; sourceTree = "<group>"; };
		74F54D301CE0BECC000B54BF /* CJOneBtn.h */ = {isa = PBXFileReference; fileEncoding = 4; lastKnownFileType = sourcecode.c.h; path = CJOneBtn.h; sourceTree = "<group>"; };
		74F54D311CE0BECC000B54BF /* CJOneBtn.m */ = {isa = PBXFileReference; fileEncoding = 4; lastKnownFileType = sourcecode.c.objc; path = CJOneBtn.m; sourceTree = "<group>"; };
		74F54D331CE0BED9000B54BF /* CJTwoBtn.h */ = {isa = PBXFileReference; fileEncoding = 4; lastKnownFileType = sourcecode.c.h; path = CJTwoBtn.h; sourceTree = "<group>"; };
		74F54D341CE0BED9000B54BF /* CJTwoBtn.m */ = {isa = PBXFileReference; fileEncoding = 4; lastKnownFileType = sourcecode.c.objc; path = CJTwoBtn.m; sourceTree = "<group>"; };
		74F54D361CE0BEEE000B54BF /* CJThreeBtn.h */ = {isa = PBXFileReference; fileEncoding = 4; lastKnownFileType = sourcecode.c.h; path = CJThreeBtn.h; sourceTree = "<group>"; };
		74F54D371CE0BEEE000B54BF /* CJThreeBtn.m */ = {isa = PBXFileReference; fileEncoding = 4; lastKnownFileType = sourcecode.c.objc; path = CJThreeBtn.m; sourceTree = "<group>"; };
		74F54D391CE0C417000B54BF /* CJshouYeBtn.h */ = {isa = PBXFileReference; fileEncoding = 4; lastKnownFileType = sourcecode.c.h; path = CJshouYeBtn.h; sourceTree = "<group>"; };
		74F54D3A1CE0C417000B54BF /* CJshouYeBtn.m */ = {isa = PBXFileReference; fileEncoding = 4; lastKnownFileType = sourcecode.c.objc; path = CJshouYeBtn.m; sourceTree = "<group>"; };
		74F54D3C1CE0C53C000B54BF /* JCfindBtn.h */ = {isa = PBXFileReference; fileEncoding = 4; lastKnownFileType = sourcecode.c.h; path = JCfindBtn.h; sourceTree = "<group>"; };
		74F54D3D1CE0C53C000B54BF /* JCfindBtn.m */ = {isa = PBXFileReference; fileEncoding = 4; lastKnownFileType = sourcecode.c.objc; path = JCfindBtn.m; sourceTree = "<group>"; };
		74F54D3F1CE0C5DC000B54BF /* CJsetBtn.h */ = {isa = PBXFileReference; fileEncoding = 4; lastKnownFileType = sourcecode.c.h; path = CJsetBtn.h; sourceTree = "<group>"; };
		74F54D401CE0C5DC000B54BF /* CJsetBtn.m */ = {isa = PBXFileReference; fileEncoding = 4; lastKnownFileType = sourcecode.c.objc; path = CJsetBtn.m; sourceTree = "<group>"; };
		74F54D421CE0C640000B54BF /* CJlocinBtn.h */ = {isa = PBXFileReference; fileEncoding = 4; lastKnownFileType = sourcecode.c.h; path = CJlocinBtn.h; sourceTree = "<group>"; };
		74F54D431CE0C640000B54BF /* CJlocinBtn.m */ = {isa = PBXFileReference; fileEncoding = 4; lastKnownFileType = sourcecode.c.objc; path = CJlocinBtn.m; sourceTree = "<group>"; };
		F909CCEF0E3C19C330D7AA94 /* Pods_FastWorker.framework */ = {isa = PBXFileReference; explicitFileType = wrapper.framework; includeInIndex = 0; path = Pods_FastWorker.framework; sourceTree = BUILT_PRODUCTS_DIR; };
/* End PBXFileReference section */

/* Begin PBXFrameworksBuildPhase section */
		74B58F9B1CD9FB77002DD398 /* Frameworks */ = {
			isa = PBXFrameworksBuildPhase;
			buildActionMask = 2147483647;
			files = (
				8B0AB3ADDAF71C1EE6B7BC90 /* Pods_FastWorker.framework in Frameworks */,
			);
			runOnlyForDeploymentPostprocessing = 0;
		};
/* End PBXFrameworksBuildPhase section */

/* Begin PBXGroup section */
		74B58F951CD9FB77002DD398 = {
			isa = PBXGroup;
			children = (
				74B58FA01CD9FB77002DD398 /* FastWorker */,
				74B58F9F1CD9FB77002DD398 /* Products */,
				C4D28480A45E1B4D818EEDD3 /* Pods */,
				B78FE0F9E3C21DF9AE90B358 /* Frameworks */,
			);
			sourceTree = "<group>";
		};
		74B58F9F1CD9FB77002DD398 /* Products */ = {
			isa = PBXGroup;
			children = (
				74B58F9E1CD9FB77002DD398 /* FastWorker.app */,
			);
			name = Products;
			sourceTree = "<group>";
		};
		74B58FA01CD9FB77002DD398 /* FastWorker */ = {
			isa = PBXGroup;
			children = (
				74F2CD9B1CDD85E700656D34 /* Classes */,
				74B58FAF1CD9FB77002DD398 /* LaunchScreen.storyboard */,
				74B58FB21CD9FB77002DD398 /* Info.plist */,
				74B58FA11CD9FB77002DD398 /* Supporting Files */,
			);
			path = FastWorker;
			sourceTree = "<group>";
		};
		74B58FA11CD9FB77002DD398 /* Supporting Files */ = {
			isa = PBXGroup;
			children = (
				74B58FA21CD9FB77002DD398 /* main.m */,
			);
			name = "Supporting Files";
			sourceTree = "<group>";
		};
		74F2CD9B1CDD85E700656D34 /* Classes */ = {
			isa = PBXGroup;
			children = (
				74F2CDB81CDD8EB300656D34 /* Setting(设置) */,
				74F2CDAB1CDD865800656D34 /* Main */,
				74F2CD9C1CDD85E700656D34 /* City(同城) */,
				74F2CDA01CDD85E700656D34 /* Find(发现) */,
				74F2CDA41CDD85E700656D34 /* Follow(关注) */,
				74F2CDA81CDD85E700656D34 /* Other */,
			);
			path = Classes;
			sourceTree = "<group>";
		};
		74F2CD9C1CDD85E700656D34 /* City(同城) */ = {
			isa = PBXGroup;
			children = (
				74F2CD9D1CDD85E700656D34 /* Controller */,
				74F2CD9E1CDD85E700656D34 /* Model */,
				74F2CD9F1CDD85E700656D34 /* View */,
			);
			path = "City(同城)";
			sourceTree = "<group>";
		};
		74F2CD9D1CDD85E700656D34 /* Controller */ = {
			isa = PBXGroup;
			children = (
				74F2CDAF1CDD873100656D34 /* CJCityViewController.h */,
				74F2CDB01CDD873100656D34 /* CJCityViewController.m */,
			);
			path = Controller;
			sourceTree = "<group>";
		};
		74F2CD9E1CDD85E700656D34 /* Model */ = {
			isa = PBXGroup;
			children = (
			);
			path = Model;
			sourceTree = "<group>";
		};
		74F2CD9F1CDD85E700656D34 /* View */ = {
			isa = PBXGroup;
			children = (
			);
			path = View;
			sourceTree = "<group>";
		};
		74F2CDA01CDD85E700656D34 /* Find(发现) */ = {
			isa = PBXGroup;
			children = (
				74F2CDA11CDD85E700656D34 /* Controller */,
				74F2CDA21CDD85E700656D34 /* Model */,
				74F2CDA31CDD85E700656D34 /* View */,
			);
			path = "Find(发现)";
			sourceTree = "<group>";
		};
		74F2CDA11CDD85E700656D34 /* Controller */ = {
			isa = PBXGroup;
			children = (
				74CDBE521CE2C4930023DB7B /* UICollectionViewWaterfallLayout.h */,
				74CDBE531CE2C4930023DB7B /* UICollectionViewWaterfallLayout.m */,
				74F2CDB21CDD874300656D34 /* CJFindViewController.h */,
				74F2CDB31CDD874300656D34 /* CJFindViewController.m */,
			);
			path = Controller;
			sourceTree = "<group>";
		};
		74F2CDA21CDD85E700656D34 /* Model */ = {
			isa = PBXGroup;
			children = (
			);
			path = Model;
			sourceTree = "<group>";
		};
		74F2CDA31CDD85E700656D34 /* View */ = {
			isa = PBXGroup;
			children = (
			);
			path = View;
			sourceTree = "<group>";
		};
		74F2CDA41CDD85E700656D34 /* Follow(关注) */ = {
			isa = PBXGroup;
			children = (
				74F2CDA51CDD85E700656D34 /* Controller */,
				74F2CDA61CDD85E700656D34 /* Model */,
				74F2CDA71CDD85E700656D34 /* View */,
			);
			path = "Follow(关注)";
			sourceTree = "<group>";
		};
		74F2CDA51CDD85E700656D34 /* Controller */ = {
			isa = PBXGroup;
			children = (
				74F2CDB51CDD875200656D34 /* CJFollowViewController.h */,
				74F2CDB61CDD875200656D34 /* CJFollowViewController.m */,
			);
			path = Controller;
			sourceTree = "<group>";
		};
		74F2CDA61CDD85E700656D34 /* Model */ = {
			isa = PBXGroup;
			children = (
			);
			path = Model;
			sourceTree = "<group>";
		};
		74F2CDA71CDD85E700656D34 /* View */ = {
			isa = PBXGroup;
			children = (
			);
			path = View;
			sourceTree = "<group>";
		};
		74F2CDA81CDD85E700656D34 /* Other */ = {
			isa = PBXGroup;
			children = (
				74F2CDA91CDD85E700656D34 /* Category */,
			);
			path = Other;
			sourceTree = "<group>";
		};
		74F2CDA91CDD85E700656D34 /* Category */ = {
			isa = PBXGroup;
			children = (
				74F2CD981CDD7FC600656D34 /* UIView+Frame.h */,
				74F2CD991CDD7FC600656D34 /* UIView+Frame.m */,
				74B58FA41CD9FB77002DD398 /* AppDelegate.h */,
				74B58FA51CD9FB77002DD398 /* AppDelegate.m */,
				74B58FAA1CD9FB77002DD398 /* Main.storyboard */,
				74B58FAD1CD9FB77002DD398 /* Assets.xcassets */,
				74F54D2B1CE0B2C2000B54BF /* Snip20160509_4.png */,
			);
			path = Category;
			sourceTree = "<group>";
		};
		74F2CDAB1CDD865800656D34 /* Main */ = {
			isa = PBXGroup;
			children = (
				74F2CDAC1CDD865800656D34 /* Controller */,
				74F2CDAD1CDD865800656D34 /* Model */,
				74F2CDAE1CDD865800656D34 /* View */,
			);
			path = Main;
			sourceTree = "<group>";
		};
		74F2CDAC1CDD865800656D34 /* Controller */ = {
			isa = PBXGroup;
			children = (
				74F2CE171CDDDD7200656D34 /* CJViewController.h */,
				74F2CE181CDDDD7200656D34 /* CJViewController.m */,
			);
			path = Controller;
			sourceTree = "<group>";
		};
		74F2CDAD1CDD865800656D34 /* Model */ = {
			isa = PBXGroup;
			children = (
			);
			path = Model;
			sourceTree = "<group>";
		};
		74F2CDAE1CDD865800656D34 /* View */ = {
			isa = PBXGroup;
			children = (
				743CD8371CDCC775003F54EF /* NavButton.h */,
				743CD8381CDCC775003F54EF /* NavButton.m */,
				743CD83A1CDCCD4E003F54EF /* NavRightButton.h */,
				743CD83B1CDCCD4E003F54EF /* NavRightButton.m */,
			);
			path = View;
			sourceTree = "<group>";
		};
		74F2CDB81CDD8EB300656D34 /* Setting(设置) */ = {
			isa = PBXGroup;
			children = (
				74F2CDB91CDD8EB300656D34 /* Controller */,
				74F2CDBA1CDD8EB300656D34 /* Model */,
				74F2CDBB1CDD8EB300656D34 /* View */,
			);
			path = "Setting(设置)";
			sourceTree = "<group>";
		};
		74F2CDB91CDD8EB300656D34 /* Controller */ = {
			isa = PBXGroup;
			children = (
				748A45311CDF482B00B828E9 /* CJSettingViewController.h */,
				748A45321CDF482B00B828E9 /* CJSettingViewController.m */,
				7441D7831CE205D9006EA667 /* CJTableViewController.h */,
				7441D7841CE205D9006EA667 /* CJTableViewController.m */,
				7441D78A1CE20A9B006EA667 /* CJTableViewController.storyboard */,
			);
			path = Controller;
			sourceTree = "<group>";
		};
		74F2CDBA1CDD8EB300656D34 /* Model */ = {
			isa = PBXGroup;
			children = (
			);
			path = Model;
			sourceTree = "<group>";
		};
		74F2CDBB1CDD8EB300656D34 /* View */ = {
			isa = PBXGroup;
			children = (
				74F54D2D1CE0B4DE000B54BF /* CJTopBtn.h */,
				74F54D2E1CE0B4DE000B54BF /* CJTopBtn.m */,
				74F54D301CE0BECC000B54BF /* CJOneBtn.h */,
				74F54D311CE0BECC000B54BF /* CJOneBtn.m */,
				74F54D331CE0BED9000B54BF /* CJTwoBtn.h */,
				74F54D341CE0BED9000B54BF /* CJTwoBtn.m */,
				74F54D361CE0BEEE000B54BF /* CJThreeBtn.h */,
				74F54D371CE0BEEE000B54BF /* CJThreeBtn.m */,
				74F54D391CE0C417000B54BF /* CJshouYeBtn.h */,
				74F54D3A1CE0C417000B54BF /* CJshouYeBtn.m */,
				74F54D3C1CE0C53C000B54BF /* JCfindBtn.h */,
				74F54D3D1CE0C53C000B54BF /* JCfindBtn.m */,
				74F54D3F1CE0C5DC000B54BF /* CJsetBtn.h */,
				74F54D401CE0C5DC000B54BF /* CJsetBtn.m */,
				74F54D421CE0C640000B54BF /* CJlocinBtn.h */,
				74F54D431CE0C640000B54BF /* CJlocinBtn.m */,
			);
			path = View;
			sourceTree = "<group>";
		};
		B78FE0F9E3C21DF9AE90B358 /* Frameworks */ = {
			isa = PBXGroup;
			children = (
				F909CCEF0E3C19C330D7AA94 /* Pods_FastWorker.framework */,
			);
			name = Frameworks;
			sourceTree = "<group>";
		};
		C4D28480A45E1B4D818EEDD3 /* Pods */ = {
			isa = PBXGroup;
			children = (
				72F1C2E501489FFC3AE73DA5 /* Pods-FastWorker.debug.xcconfig */,
				2096978B52746CC70F94D1D8 /* Pods-FastWorker.release.xcconfig */,
			);
			name = Pods;
			sourceTree = "<group>";
		};
/* End PBXGroup section */

/* Begin PBXNativeTarget section */
		74B58F9D1CD9FB77002DD398 /* FastWorker */ = {
			isa = PBXNativeTarget;
			buildConfigurationList = 74B58FB51CD9FB77002DD398 /* Build configuration list for PBXNativeTarget "FastWorker" */;
			buildPhases = (
				DF9811F8A9A785A42B7EB8F2 /* 📦 Check Pods Manifest.lock */,
				74B58F9A1CD9FB77002DD398 /* Sources */,
				74B58F9B1CD9FB77002DD398 /* Frameworks */,
				74B58F9C1CD9FB77002DD398 /* Resources */,
				A26AB21AA4BBBA2D5BFC8BD5 /* 📦 Embed Pods Frameworks */,
				811E83C9B0E8579B2DFC9F44 /* 📦 Copy Pods Resources */,
			);
			buildRules = (
			);
			dependencies = (
			);
			name = FastWorker;
			productName = FastWorker;
			productReference = 74B58F9E1CD9FB77002DD398 /* FastWorker.app */;
			productType = "com.apple.product-type.application";
		};
/* End PBXNativeTarget section */

/* Begin PBXProject section */
		74B58F961CD9FB77002DD398 /* Project object */ = {
			isa = PBXProject;
			attributes = {
				LastUpgradeCheck = 0720;
				ORGANIZATIONNAME = chen;
				TargetAttributes = {
					74B58F9D1CD9FB77002DD398 = {
						CreatedOnToolsVersion = 7.2;
					};
				};
			};
			buildConfigurationList = 74B58F991CD9FB77002DD398 /* Build configuration list for PBXProject "FastWorker" */;
			compatibilityVersion = "Xcode 3.2";
			developmentRegion = English;
			hasScannedForEncodings = 0;
			knownRegions = (
				en,
				Base,
			);
			mainGroup = 74B58F951CD9FB77002DD398;
			productRefGroup = 74B58F9F1CD9FB77002DD398 /* Products */;
			projectDirPath = "";
			projectRoot = "";
			targets = (
				74B58F9D1CD9FB77002DD398 /* FastWorker */,
			);
		};
/* End PBXProject section */

/* Begin PBXResourcesBuildPhase section */
		74B58F9C1CD9FB77002DD398 /* Resources */ = {
			isa = PBXResourcesBuildPhase;
			buildActionMask = 2147483647;
			files = (
				74B58FB11CD9FB77002DD398 /* LaunchScreen.storyboard in Resources */,
				7441D78B1CE20A9B006EA667 /* CJTableViewController.storyboard in Resources */,
				74F54D2C1CE0B2C2000B54BF /* Snip20160509_4.png in Resources */,
				74B58FAE1CD9FB77002DD398 /* Assets.xcassets in Resources */,
				74B58FAC1CD9FB77002DD398 /* Main.storyboard in Resources */,
			);
			runOnlyForDeploymentPostprocessing = 0;
		};
/* End PBXResourcesBuildPhase section */

/* Begin PBXShellScriptBuildPhase section */
		811E83C9B0E8579B2DFC9F44 /* 📦 Copy Pods Resources */ = {
			isa = PBXShellScriptBuildPhase;
			buildActionMask = 2147483647;
			files = (
			);
			inputPaths = (
			);
			name = "📦 Copy Pods Resources";
			outputPaths = (
			);
			runOnlyForDeploymentPostprocessing = 0;
			shellPath = /bin/sh;
			shellScript = "\"${SRCROOT}/Pods/Target Support Files/Pods-FastWorker/Pods-FastWorker-resources.sh\"\n";
			showEnvVarsInLog = 0;
		};
		A26AB21AA4BBBA2D5BFC8BD5 /* 📦 Embed Pods Frameworks */ = {
			isa = PBXShellScriptBuildPhase;
			buildActionMask = 2147483647;
			files = (
			);
			inputPaths = (
			);
			name = "📦 Embed Pods Frameworks";
			outputPaths = (
			);
			runOnlyForDeploymentPostprocessing = 0;
			shellPath = /bin/sh;
			shellScript = "\"${SRCROOT}/Pods/Target Support Files/Pods-FastWorker/Pods-FastWorker-frameworks.sh\"\n";
			showEnvVarsInLog = 0;
		};
		DF9811F8A9A785A42B7EB8F2 /* 📦 Check Pods Manifest.lock */ = {
			isa = PBXShellScriptBuildPhase;
			buildActionMask = 2147483647;
			files = (
			);
			inputPaths = (
			);
			name = "📦 Check Pods Manifest.lock";
			outputPaths = (
			);
			runOnlyForDeploymentPostprocessing = 0;
			shellPath = /bin/sh;
			shellScript = "diff \"${PODS_ROOT}/../Podfile.lock\" \"${PODS_ROOT}/Manifest.lock\" > /dev/null\nif [[ $? != 0 ]] ; then\n    cat << EOM\nerror: The sandbox is not in sync with the Podfile.lock. Run 'pod install' or update your CocoaPods installation.\nEOM\n    exit 1\nfi\n";
			showEnvVarsInLog = 0;
		};
/* End PBXShellScriptBuildPhase section */

/* Begin PBXSourcesBuildPhase section */
		74B58F9A1CD9FB77002DD398 /* Sources */ = {
			isa = PBXSourcesBuildPhase;
			buildActionMask = 2147483647;
			files = (
				74F54D321CE0BECC000B54BF /* CJOneBtn.m in Sources */,
				74F2CDB41CDD874300656D34 /* CJFindViewController.m in Sources */,
				743CD83C1CDCCD4E003F54EF /* NavRightButton.m in Sources */,
				748A45331CDF482B00B828E9 /* CJSettingViewController.m in Sources */,
				74F54D381CE0BEEE000B54BF /* CJThreeBtn.m in Sources */,
				74F54D2F1CE0B4DE000B54BF /* CJTopBtn.m in Sources */,
				74F2CDB71CDD875200656D34 /* CJFollowViewController.m in Sources */,
				74F54D441CE0C640000B54BF /* CJlocinBtn.m in Sources */,
				7441D7861CE205D9006EA667 /* CJTableViewController.m in Sources */,
				74F2CD9A1CDD7FC600656D34 /* UIView+Frame.m in Sources */,
				74F54D3E1CE0C53C000B54BF /* JCfindBtn.m in Sources */,
				74F2CE191CDDDD7200656D34 /* CJViewController.m in Sources */,
				74B58FA61CD9FB77002DD398 /* AppDelegate.m in Sources */,
				74B58FA31CD9FB77002DD398 /* main.m in Sources */,
				74F2CDB11CDD873100656D34 /* CJCityViewController.m in Sources */,
				74F54D351CE0BED9000B54BF /* CJTwoBtn.m in Sources */,
				74F54D3B1CE0C417000B54BF /* CJshouYeBtn.m in Sources */,
				743CD8391CDCC775003F54EF /* NavButton.m in Sources */,
				74CDBE541CE2C4930023DB7B /* UICollectionViewWaterfallLayout.m in Sources */,
				74F54D411CE0C5DC000B54BF /* CJsetBtn.m in Sources */,
			);
			runOnlyForDeploymentPostprocessing = 0;
		};
/* End PBXSourcesBuildPhase section */

/* Begin PBXVariantGroup section */
		74B58FAA1CD9FB77002DD398 /* Main.storyboard */ = {
			isa = PBXVariantGroup;
			children = (
				74B58FAB1CD9FB77002DD398 /* Base */,
			);
			name = Main.storyboard;
			path = ../../..;
			sourceTree = "<group>";
		};
		74B58FAF1CD9FB77002DD398 /* LaunchScreen.storyboard */ = {
			isa = PBXVariantGroup;
			children = (
				74B58FB01CD9FB77002DD398 /* Base */,
			);
			name = LaunchScreen.storyboard;
			sourceTree = "<group>";
		};
/* End PBXVariantGroup section */

/* Begin XCBuildConfiguration section */
		74B58FB31CD9FB77002DD398 /* Debug */ = {
			isa = XCBuildConfiguration;
			buildSettings = {
				ALWAYS_SEARCH_USER_PATHS = NO;
				CLANG_CXX_LANGUAGE_STANDARD = "gnu++0x";
				CLANG_CXX_LIBRARY = "libc++";
				CLANG_ENABLE_MODULES = YES;
				CLANG_ENABLE_OBJC_ARC = YES;
				CLANG_WARN_BOOL_CONVERSION = YES;
				CLANG_WARN_CONSTANT_CONVERSION = YES;
				CLANG_WARN_DIRECT_OBJC_ISA_USAGE = YES_ERROR;
				CLANG_WARN_EMPTY_BODY = YES;
				CLANG_WARN_ENUM_CONVERSION = YES;
				CLANG_WARN_INT_CONVERSION = YES;
				CLANG_WARN_OBJC_ROOT_CLASS = YES_ERROR;
				CLANG_WARN_UNREACHABLE_CODE = YES;
				CLANG_WARN__DUPLICATE_METHOD_MATCH = YES;
				"CODE_SIGN_IDENTITY[sdk=iphoneos*]" = "iPhone Developer";
				COPY_PHASE_STRIP = NO;
				DEBUG_INFORMATION_FORMAT = dwarf;
				ENABLE_STRICT_OBJC_MSGSEND = YES;
				ENABLE_TESTABILITY = YES;
				GCC_C_LANGUAGE_STANDARD = gnu99;
				GCC_DYNAMIC_NO_PIC = NO;
				GCC_NO_COMMON_BLOCKS = YES;
				GCC_OPTIMIZATION_LEVEL = 0;
				GCC_PREPROCESSOR_DEFINITIONS = (
					"DEBUG=1",
					"$(inherited)",
				);
				GCC_WARN_64_TO_32_BIT_CONVERSION = YES;
				GCC_WARN_ABOUT_RETURN_TYPE = YES_ERROR;
				GCC_WARN_UNDECLARED_SELECTOR = YES;
				GCC_WARN_UNINITIALIZED_AUTOS = YES_AGGRESSIVE;
				GCC_WARN_UNUSED_FUNCTION = YES;
				GCC_WARN_UNUSED_VARIABLE = YES;
				IPHONEOS_DEPLOYMENT_TARGET = 9.2;
				MTL_ENABLE_DEBUG_INFO = YES;
				ONLY_ACTIVE_ARCH = YES;
				SDKROOT = iphoneos;
			};
			name = Debug;
		};
		74B58FB41CD9FB77002DD398 /* Release */ = {
			isa = XCBuildConfiguration;
			buildSettings = {
				ALWAYS_SEARCH_USER_PATHS = NO;
				CLANG_CXX_LANGUAGE_STANDARD = "gnu++0x";
				CLANG_CXX_LIBRARY = "libc++";
				CLANG_ENABLE_MODULES = YES;
				CLANG_ENABLE_OBJC_ARC = YES;
				CLANG_WARN_BOOL_CONVERSION = YES;
				CLANG_WARN_CONSTANT_CONVERSION = YES;
				CLANG_WARN_DIRECT_OBJC_ISA_USAGE = YES_ERROR;
				CLANG_WARN_EMPTY_BODY = YES;
				CLANG_WARN_ENUM_CONVERSION = YES;
				CLANG_WARN_INT_CONVERSION = YES;
				CLANG_WARN_OBJC_ROOT_CLASS = YES_ERROR;
				CLANG_WARN_UNREACHABLE_CODE = YES;
				CLANG_WARN__DUPLICATE_METHOD_MATCH = YES;
				"CODE_SIGN_IDENTITY[sdk=iphoneos*]" = "iPhone Developer";
				COPY_PHASE_STRIP = NO;
				DEBUG_INFORMATION_FORMAT = "dwarf-with-dsym";
				ENABLE_NS_ASSERTIONS = NO;
				ENABLE_STRICT_OBJC_MSGSEND = YES;
				GCC_C_LANGUAGE_STANDARD = gnu99;
				GCC_NO_COMMON_BLOCKS = YES;
				GCC_WARN_64_TO_32_BIT_CONVERSION = YES;
				GCC_WARN_ABOUT_RETURN_TYPE = YES_ERROR;
				GCC_WARN_UNDECLARED_SELECTOR = YES;
				GCC_WARN_UNINITIALIZED_AUTOS = YES_AGGRESSIVE;
				GCC_WARN_UNUSED_FUNCTION = YES;
				GCC_WARN_UNUSED_VARIABLE = YES;
				IPHONEOS_DEPLOYMENT_TARGET = 9.2;
				MTL_ENABLE_DEBUG_INFO = NO;
				SDKROOT = iphoneos;
				VALIDATE_PRODUCT = YES;
			};
			name = Release;
		};
		74B58FB61CD9FB77002DD398 /* Debug */ = {
			isa = XCBuildConfiguration;
			baseConfigurationReference = 72F1C2E501489FFC3AE73DA5 /* Pods-FastWorker.debug.xcconfig */;
			buildSettings = {
				ASSETCATALOG_COMPILER_APPICON_NAME = AppIcon;
				INFOPLIST_FILE = FastWorker/Info.plist;
				IPHONEOS_DEPLOYMENT_TARGET = 9.0;
				LD_RUNPATH_SEARCH_PATHS = "$(inherited) @executable_path/Frameworks";
				PRODUCT_BUNDLE_IDENTIFIER = com.2323.FastWorker;
				PRODUCT_NAME = "$(TARGET_NAME)";
			};
			name = Debug;
		};
		74B58FB71CD9FB77002DD398 /* Release */ = {
			isa = XCBuildConfiguration;
			baseConfigurationReference = 2096978B52746CC70F94D1D8 /* Pods-FastWorker.release.xcconfig */;
			buildSettings = {
				ASSETCATALOG_COMPILER_APPICON_NAME = AppIcon;
				INFOPLIST_FILE = FastWorker/Info.plist;
				IPHONEOS_DEPLOYMENT_TARGET = 9.0;
				LD_RUNPATH_SEARCH_PATHS = "$(inherited) @executable_path/Frameworks";
				PRODUCT_BUNDLE_IDENTIFIER = com.2323.FastWorker;
				PRODUCT_NAME = "$(TARGET_NAME)";
			};
			name = Release;
		};
/* End XCBuildConfiguration section */

/* Begin XCConfigurationList section */
		74B58F991CD9FB77002DD398 /* Build configuration list for PBXProject "FastWorker" */ = {
			isa = XCConfigurationList;
			buildConfigurations = (
				74B58FB31CD9FB77002DD398 /* Debug */,
				74B58FB41CD9FB77002DD398 /* Release */,
			);
			defaultConfigurationIsVisible = 0;
			defaultConfigurationName = Release;
		};
		74B58FB51CD9FB77002DD398 /* Build configuration list for PBXNativeTarget "FastWorker" */ = {
			isa = XCConfigurationList;
			buildConfigurations = (
				74B58FB61CD9FB77002DD398 /* Debug */,
				74B58FB71CD9FB77002DD398 /* Release */,
			);
			defaultConfigurationIsVisible = 0;
			defaultConfigurationName = Release;
		};
/* End XCConfigurationList section */
	};
	rootObject = 74B58F961CD9FB77002DD398 /* Project object */;
}
